
Microsoft Visual Studio Solution File, Format Version 12.00
# Visual Studio Version 16
VisualStudioVersion = 16.0.29613.14
MinimumVisualStudioVersion = 10.0.40219.1
Project("{FAE04EC0-301F-11D3-BF4B-00C04F79EFBC}") = "OperatorSimulationGame", "OperatorSimulationGame\OperatorSimulationGame.csproj", "{44ACBEDC-67C5-4592-B922-F5B40FBD401A}"
EndProject
Global
	GlobalSection(SolutionConfigurationPlatforms) = preSolution
		Debug|Any CPU = Debug|Any CPU
		Release|Any CPU = Release|Any CPU
	EndGlobalSection
	GlobalSection(ProjectConfigurationPlatforms) = postSolution
		{44ACBEDC-67C5-4592-B922-F5B40FBD401A}.Debug|Any CPU.ActiveCfg = Debug|Any CPU
		{44ACBEDC-67C5-4592-B922-F5B40FBD401A}.Debug|Any CPU.Build.0 = Debug|Any CPU
		{44ACBEDC-67C5-4592-B922-F5B40FBD401A}.Release|Any CPU.ActiveCfg = Release|Any CPU
		{44ACBEDC-67C5-4592-B922-F5B40FBD401A}.Release|Any CPU.Build.0 = Release|Any CPU
	EndGlobalSection
	GlobalSection(SolutionProperties) = preSolution
		HideSolutionNode = FALSE
	EndGlobalSection
	GlobalSection(ExtensibilityGlobals) = postSolution
		SolutionGuid = {40F7F524-C067-49A0-A71A-1BC0D4F89EDA}
	EndGlobalSection
EndGlobal
